
Microsoft Visual Studio Solution File, Format Version 12.00
# Visual Studio Version 17
VisualStudioVersion = 17.13.35919.96 d17.13
MinimumVisualStudioVersion = 10.0.40219.1
Project("{FAE04EC0-301F-11D3-BF4B-00C04F79EFBC}") = "Assignment5.4", "Assignment5.4.csproj", "{E1D7FF1C-13CC-4775-91C1-5FA086545C24}"
EndProject
Global
	GlobalSection(SolutionConfigurationPlatforms) = preSolution
		Debug|Any CPU = Debug|Any CPU
		Release|Any CPU = Release|Any CPU
	EndGlobalSection
	GlobalSection(ProjectConfigurationPlatforms) = postSolution
		{E1D7FF1C-13CC-4775-91C1-5FA086545C24}.Debug|Any CPU.ActiveCfg = Debug|Any CPU
		{E1D7FF1C-13CC-4775-91C1-5FA086545C24}.Debug|Any CPU.Build.0 = Debug|Any CPU
		{E1D7FF1C-13CC-4775-91C1-5FA086545C24}.Release|Any CPU.ActiveCfg = Release|Any CPU
		{E1D7FF1C-13CC-4775-91C1-5FA086545C24}.Release|Any CPU.Build.0 = Release|Any CPU
	EndGlobalSection
	GlobalSection(SolutionProperties) = preSolution
		HideSolutionNode = FALSE
	EndGlobalSection
	GlobalSection(ExtensibilityGlobals) = postSolution
		SolutionGuid = {79E1D2A0-8C31-4946-8BF9-8D10F71CBBC7}
	EndGlobalSection
EndGlobal
